
Microsoft Visual Studio Solution File, Format Version 12.00
# Visual Studio Version 17
VisualStudioVersion = 17.5.33530.505
MinimumVisualStudioVersion = 10.0.40219.1
Project("{FAE04EC0-301F-11D3-BF4B-00C04F79EFBC}") = "T4TemplateTask", "T4TemplateTask\T4TemplateTask.csproj", "{DEC9F818-6088-4B7D-AED9-6331304B33D2}"
EndProject
Global
	GlobalSection(SolutionConfigurationPlatforms) = preSolution
		Debug|Any CPU = Debug|Any CPU
		Release|Any CPU = Release|Any CPU
	EndGlobalSection
	GlobalSection(ProjectConfigurationPlatforms) = postSolution
		{DEC9F818-6088-4B7D-AED9-6331304B33D2}.Debug|Any CPU.ActiveCfg = Debug|Any CPU
		{DEC9F818-6088-4B7D-AED9-6331304B33D2}.Debug|Any CPU.Build.0 = Debug|Any CPU
		{DEC9F818-6088-4B7D-AED9-6331304B33D2}.Release|Any CPU.ActiveCfg = Release|Any CPU
		{DEC9F818-6088-4B7D-AED9-6331304B33D2}.Release|Any CPU.Build.0 = Release|Any CPU
	EndGlobalSection
	GlobalSection(SolutionProperties) = preSolution
		HideSolutionNode = FALSE
	EndGlobalSection
	GlobalSection(ExtensibilityGlobals) = postSolution
		SolutionGuid = {AF85C1A0-12DD-4646-9DDA-C5E3C4EED4E2}
	EndGlobalSection
EndGlobal
